{
  "nodes": {
    "darwin": {
      "inputs": {
        "nixpkgs": [
          "nixpkgs"
        ]
      },
      "locked": {
        "lastModified": 1722609272,
        "narHash": "sha256-Kkb+ULEHVmk07AX+OhwyofFxBDpw+2WvsXguUS2m6e4=",
        "owner": "lnl7",
        "repo": "nix-darwin",
        "rev": "f7142b8024d6b70c66fd646e1d099d3aa5bfec49",
        "type": "github"
      },
      "original": {
        "owner": "lnl7",
        "ref": "master",
        "repo": "nix-darwin",
        "type": "github"
      }
    },
    "flake-parts": {
      "inputs": {
        "nixpkgs-lib": [
          "nix-direnv",
          "nixpkgs"
        ]
      },
      "locked": {
        "lastModified": 1719994518,
        "narHash": "sha256-pQMhCCHyQGRzdfAkdJ4cIWiw+JNuWsTX7f0ZYSyz0VY=",
        "owner": "hercules-ci",
        "repo": "flake-parts",
        "rev": "9227223f6d922fee3c7b190b2cc238a99527bbb7",
        "type": "github"
      },
      "original": {
        "owner": "hercules-ci",
        "repo": "flake-parts",
        "type": "github"
      }
    },
    "flake-utils": {
      "inputs": {
        "systems": "systems"
      },
      "locked": {
        "lastModified": 1694529238,
        "narHash": "sha256-zsNZZGTGnMOf9YpHKJqMSsa0dXbfmxeoJ7xHlrt+xmY=",
        "owner": "numtide",
        "repo": "flake-utils",
        "rev": "ff7b65b44d01cf9ba6a71320833626af21126384",
        "type": "github"
      },
      "original": {
        "owner": "numtide",
        "repo": "flake-utils",
        "type": "github"
      }
    },
    "home-manager": {
      "inputs": {
        "nixpkgs": [
          "nixpkgs"
        ]
      },
      "locked": {
        "lastModified": 1722630065,
        "narHash": "sha256-QfM/9BMRkCmgWzrPDK+KbgJOUlSJnfX4OvsUupEUZvA=",
        "owner": "nix-community",
        "repo": "home-manager",
        "rev": "afc892db74d65042031a093adb6010c4c3378422",
        "type": "github"
      },
      "original": {
        "owner": "nix-community",
        "ref": "master",
        "repo": "home-manager",
        "type": "github"
      }
    },
    "mac-overlay": {
      "inputs": {
        "flake-utils": "flake-utils",
        "nixpkgs": [
          "nixpkgs"
        ]
      },
      "locked": {
        "lastModified": 1718276131,
        "narHash": "sha256-wRFGqQ11CVGUI/Ykzpb+Z8n+/HrCRwqTtcmJKjscXcE=",
        "owner": "planetbeldar",
        "repo": "mac-overlay",
        "rev": "0aa529db7b8e89643cab41f4ff8ec220602daebf",
        "type": "github"
      },
      "original": {
        "owner": "planetbeldar",
        "repo": "mac-overlay",
        "type": "github"
      }
    },
    "nix-direnv": {
      "inputs": {
        "flake-parts": "flake-parts",
        "nixpkgs": [
          "nixpkgs"
        ],
        "treefmt-nix": "treefmt-nix"
      },
      "locked": {
        "lastModified": 1720977067,
        "narHash": "sha256-Sp3hvtEGFZvJvMEyBuj9x3dDi0L0jpCV1gGVck+CjOQ=",
        "owner": "nix-community",
        "repo": "nix-direnv",
        "rev": "104a5075a182b5fb15a4e33e21e6c5b869a5151f",
        "type": "github"
      },
      "original": {
        "owner": "nix-community",
        "repo": "nix-direnv",
        "type": "github"
      }
    },
    "nixpkgs": {
      "locked": {
        "lastModified": 1722421184,
        "narHash": "sha256-/DJBI6trCeVnasdjUo9pbnodCLZcFqnVZiLUfqLH4jA=",
        "owner": "NixOS",
        "repo": "nixpkgs",
        "rev": "9f918d616c5321ad374ae6cb5ea89c9e04bf3e58",
        "type": "github"
      },
      "original": {
        "id": "nixpkgs",
        "ref": "nixos-unstable",
        "type": "indirect"
      }
    },
    "nixpkgs-unstable": {
      "locked": {
        "lastModified": 1722415718,
        "narHash": "sha256-5US0/pgxbMksF92k1+eOa8arJTJiPvsdZj9Dl+vJkM4=",
        "owner": "NixOS",
        "repo": "nixpkgs",
        "rev": "c3392ad349a5227f4a3464dce87bcc5046692fce",
        "type": "github"
      },
      "original": {
        "id": "nixpkgs",
        "ref": "nixpkgs-unstable",
        "type": "indirect"
      }
    },
    "root": {
      "inputs": {
        "darwin": "darwin",
        "home-manager": "home-manager",
        "mac-overlay": "mac-overlay",
        "nix-direnv": "nix-direnv",
        "nixpkgs": "nixpkgs",
        "nixpkgs-unstable": "nixpkgs-unstable"
      }
    },
    "systems": {
      "locked": {
        "lastModified": 1681028828,
        "narHash": "sha256-Vy1rq5AaRuLzOxct8nz4T6wlgyUR7zLU309k9mBC768=",
        "owner": "nix-systems",
        "repo": "default",
        "rev": "da67096a3b9bf56a91d16901293e51ba5b49a27e",
        "type": "github"
      },
      "original": {
        "owner": "nix-systems",
        "repo": "default",
        "type": "github"
      }
    },
    "treefmt-nix": {
      "inputs": {
        "nixpkgs": [
          "nix-direnv",
          "nixpkgs"
        ]
      },
      "locked": {
        "lastModified": 1720374026,
        "narHash": "sha256-ludjqxhR/5lXwJ1H6zHmZqp+4e8dFPHE9FIZ2eBh2G4=",
        "owner": "numtide",
        "repo": "treefmt-nix",
        "rev": "e1d7bd5ec6fc389eb3a90e232c4150338bf6a508",
        "type": "github"
      },
      "original": {
        "owner": "numtide",
        "repo": "treefmt-nix",
        "type": "github"
      }
    }
  },
  "root": "root",
  "version": 7
}
