{
  "nodes": {
    "alacritty-mac": {
      "inputs": {
        "flake-utils": [
          "mac-overlay",
          "flake-utils"
        ],
        "nixpkgs": [
          "mac-overlay",
          "nixpkgs"
        ]
      },
      "locked": {
        "dir": "pkgs/alacritty-mac",
        "lastModified": 1637919150,
        "narHash": "sha256-jzrKkOjKGk/myuqYA0aDUnmPhTexO1YLQ3FKesee8JA=",
        "owner": "planetbeldar",
        "repo": "mac-overlay",
        "rev": "99b4b3190fb5ad037371720a0574adb1adc49f61",
        "type": "github"
      },
      "original": {
        "dir": "pkgs/alacritty-mac",
        "owner": "planetbeldar",
        "repo": "mac-overlay",
        "type": "github"
      }
    },
    "darwin": {
      "inputs": {
        "nixpkgs": [
          "nixpkgs"
        ]
      },
      "locked": {
        "lastModified": 1634994402,
        "narHash": "sha256-xmlCVVOYGpZoxgOqsDOVF0B0ASrnbNGVAEzID9qh2xo=",
        "owner": "lnl7",
        "repo": "nix-darwin",
        "rev": "44da835ac40dab5fd231298b59d83487382d2fab",
        "type": "github"
      },
      "original": {
        "owner": "lnl7",
        "ref": "master",
        "repo": "nix-darwin",
        "type": "github"
      }
    },
    "discord-mac": {
      "inputs": {
        "flake-utils": [
          "mac-overlay",
          "flake-utils"
        ],
        "nixpkgs": [
          "mac-overlay",
          "nixpkgs"
        ]
      },
      "locked": {
        "dir": "pkgs/discord-mac",
        "lastModified": 1637919150,
        "narHash": "sha256-jzrKkOjKGk/myuqYA0aDUnmPhTexO1YLQ3FKesee8JA=",
        "owner": "planetbeldar",
        "repo": "mac-overlay",
        "rev": "99b4b3190fb5ad037371720a0574adb1adc49f61",
        "type": "github"
      },
      "original": {
        "dir": "pkgs/discord-mac",
        "owner": "planetbeldar",
        "repo": "mac-overlay",
        "type": "github"
      }
    },
    "emacs-mac": {
      "inputs": {
        "emacs-src": "emacs-src",
        "emacs-vterm-src": "emacs-vterm-src",
        "flake-utils": [
          "mac-overlay",
          "flake-utils"
        ],
        "nixpkgs": [
          "mac-overlay",
          "nixpkgs"
        ]
      },
      "locked": {
        "dir": "pkgs/emacs-mac",
        "lastModified": 1637919150,
        "narHash": "sha256-jzrKkOjKGk/myuqYA0aDUnmPhTexO1YLQ3FKesee8JA=",
        "owner": "planetbeldar",
        "repo": "mac-overlay",
        "rev": "99b4b3190fb5ad037371720a0574adb1adc49f61",
        "type": "github"
      },
      "original": {
        "dir": "pkgs/emacs-mac",
        "owner": "planetbeldar",
        "repo": "mac-overlay",
        "type": "github"
      }
    },
    "emacs-src": {
      "flake": false,
      "locked": {
        "lastModified": 1637872307,
        "narHash": "sha256-KHscj8TIUkicR3cYsXxQ5pgcdGkvXODirPfeHKEwuLs=",
        "owner": "emacs-mirror",
        "repo": "emacs",
        "rev": "cfaf681d3d292ceccc89c0eaaa47827665115dc6",
        "type": "github"
      },
      "original": {
        "owner": "emacs-mirror",
        "ref": "emacs-28",
        "repo": "emacs",
        "type": "github"
      }
    },
    "emacs-vterm-src": {
      "flake": false,
      "locked": {
        "lastModified": 1631083259,
        "narHash": "sha256-+fl1GUCpAZBOvgMd3akF9EMirp1/K+JyRq0TWKSDeJw=",
        "owner": "akermu",
        "repo": "emacs-libvterm",
        "rev": "2681120b770573044832ba8c22ccbac192e1a294",
        "type": "github"
      },
      "original": {
        "owner": "akermu",
        "repo": "emacs-libvterm",
        "type": "github"
      }
    },
    "flake-utils": {
      "locked": {
        "lastModified": 1637014545,
        "narHash": "sha256-26IZAc5yzlD9FlDT54io1oqG/bBoyka+FJk5guaX4x4=",
        "owner": "numtide",
        "repo": "flake-utils",
        "rev": "bba5dcc8e0b20ab664967ad83d24d64cb64ec4f4",
        "type": "github"
      },
      "original": {
        "owner": "numtide",
        "repo": "flake-utils",
        "type": "github"
      }
    },
    "flake-utils_2": {
      "locked": {
        "lastModified": 1620759905,
        "narHash": "sha256-WiyWawrgmyN0EdmiHyG2V+fqReiVi8bM9cRdMaKQOFg=",
        "owner": "numtide",
        "repo": "flake-utils",
        "rev": "b543720b25df6ffdfcf9227afafc5b8c1fabfae8",
        "type": "github"
      },
      "original": {
        "owner": "numtide",
        "repo": "flake-utils",
        "type": "github"
      }
    },
    "home-manager": {
      "inputs": {
        "nixpkgs": [
          "nixpkgs"
        ]
      },
      "locked": {
        "lastModified": 1638150501,
        "narHash": "sha256-aWH3MRmjUtx8ciSGLegBJC5mhymsuroHPs74ZldrNTU=",
        "owner": "nix-community",
        "repo": "home-manager",
        "rev": "9de77227d7780518cfeaee5a917970247f3ecc56",
        "type": "github"
      },
      "original": {
        "owner": "nix-community",
        "ref": "master",
        "repo": "home-manager",
        "type": "github"
      }
    },
    "mac-overlay": {
      "inputs": {
        "alacritty-mac": "alacritty-mac",
        "discord-mac": "discord-mac",
        "emacs-mac": "emacs-mac",
        "flake-utils": "flake-utils",
        "nixpkgs": [
          "nixpkgs"
        ],
        "sonos-mac": "sonos-mac",
        "spotify-mac": "spotify-mac",
        "xkbswitch": "xkbswitch",
        "yabai": "yabai"
      },
      "locked": {
        "lastModified": 1637919528,
        "narHash": "sha256-hEiyOiWJSUM8UUn+U/IiLgp+RjHRqYHynLJRetJPmL8=",
        "owner": "planetbeldar",
        "repo": "mac-overlay",
        "rev": "42103ecaf3ba71599ea2dd14ddd738d5dd3ad77c",
        "type": "github"
      },
      "original": {
        "owner": "planetbeldar",
        "repo": "mac-overlay",
        "type": "github"
      }
    },
    "nix-direnv": {
      "inputs": {
        "flake-utils": "flake-utils_2",
        "nixpkgs": [
          "nixpkgs"
        ]
      },
      "locked": {
        "lastModified": 1637564511,
        "narHash": "sha256-9/fhv4yT1fah/SHuXq7jnQQ+QyQWjuTERgDNpKWtQxU=",
        "owner": "nix-community",
        "repo": "nix-direnv",
        "rev": "69bec056fb036ff526184a995f07ee7b3f0abf0b",
        "type": "github"
      },
      "original": {
        "owner": "nix-community",
        "repo": "nix-direnv",
        "type": "github"
      }
    },
    "nixpkgs": {
      "locked": {
        "lastModified": 1636623366,
        "narHash": "sha256-jOQMlv9qFSj0U66HB+ujZoapty0UbewmSNbX8+3ujUQ=",
        "owner": "NixOS",
        "repo": "nixpkgs",
        "rev": "c5ed8beb478a8ca035f033f659b60c89500a3034",
        "type": "github"
      },
      "original": {
        "id": "nixpkgs",
        "ref": "nixos-unstable",
        "type": "indirect"
      }
    },
    "nixpkgs-unstable": {
      "locked": {
        "lastModified": 1638189734,
        "narHash": "sha256-Vks5UgpFqbrSNi3RXaozVWAVEfueplN2WBPs2bRajHA=",
        "owner": "NixOS",
        "repo": "nixpkgs",
        "rev": "f366af7a1b3891d9370091ab03150d3a6ee138fa",
        "type": "github"
      },
      "original": {
        "id": "nixpkgs",
        "ref": "nixpkgs-unstable",
        "type": "indirect"
      }
    },
    "root": {
      "inputs": {
        "darwin": "darwin",
        "home-manager": "home-manager",
        "mac-overlay": "mac-overlay",
        "nix-direnv": "nix-direnv",
        "nixpkgs": "nixpkgs",
        "nixpkgs-unstable": "nixpkgs-unstable"
      }
    },
    "sonos-mac": {
      "inputs": {
        "flake-utils": [
          "mac-overlay",
          "flake-utils"
        ],
        "nixpkgs": [
          "mac-overlay",
          "nixpkgs"
        ]
      },
      "locked": {
        "dir": "pkgs/sonos-mac",
        "lastModified": 1637919150,
        "narHash": "sha256-jzrKkOjKGk/myuqYA0aDUnmPhTexO1YLQ3FKesee8JA=",
        "owner": "planetbeldar",
        "repo": "mac-overlay",
        "rev": "99b4b3190fb5ad037371720a0574adb1adc49f61",
        "type": "github"
      },
      "original": {
        "dir": "pkgs/sonos-mac",
        "owner": "planetbeldar",
        "repo": "mac-overlay",
        "type": "github"
      }
    },
    "spotify-mac": {
      "inputs": {
        "flake-utils": [
          "mac-overlay",
          "flake-utils"
        ],
        "nixpkgs": [
          "mac-overlay",
          "nixpkgs"
        ]
      },
      "locked": {
        "dir": "pkgs/spotify-mac",
        "lastModified": 1637919150,
        "narHash": "sha256-jzrKkOjKGk/myuqYA0aDUnmPhTexO1YLQ3FKesee8JA=",
        "owner": "planetbeldar",
        "repo": "mac-overlay",
        "rev": "99b4b3190fb5ad037371720a0574adb1adc49f61",
        "type": "github"
      },
      "original": {
        "dir": "pkgs/spotify-mac",
        "owner": "planetbeldar",
        "repo": "mac-overlay",
        "type": "github"
      }
    },
    "xkbswitch": {
      "inputs": {
        "flake-utils": [
          "mac-overlay",
          "flake-utils"
        ],
        "nixpkgs": [
          "mac-overlay",
          "nixpkgs"
        ]
      },
      "locked": {
        "dir": "pkgs/xkbswitch",
        "lastModified": 1637919150,
        "narHash": "sha256-jzrKkOjKGk/myuqYA0aDUnmPhTexO1YLQ3FKesee8JA=",
        "owner": "planetbeldar",
        "repo": "mac-overlay",
        "rev": "99b4b3190fb5ad037371720a0574adb1adc49f61",
        "type": "github"
      },
      "original": {
        "dir": "pkgs/xkbswitch",
        "owner": "planetbeldar",
        "repo": "mac-overlay",
        "type": "github"
      }
    },
    "yabai": {
      "inputs": {
        "flake-utils": [
          "mac-overlay",
          "flake-utils"
        ],
        "nixpkgs": [
          "mac-overlay",
          "nixpkgs"
        ]
      },
      "locked": {
        "dir": "pkgs/yabai",
        "lastModified": 1637919150,
        "narHash": "sha256-jzrKkOjKGk/myuqYA0aDUnmPhTexO1YLQ3FKesee8JA=",
        "owner": "planetbeldar",
        "repo": "mac-overlay",
        "rev": "99b4b3190fb5ad037371720a0574adb1adc49f61",
        "type": "github"
      },
      "original": {
        "dir": "pkgs/yabai",
        "owner": "planetbeldar",
        "repo": "mac-overlay",
        "type": "github"
      }
    }
  },
  "root": "root",
  "version": 7
}
