{
  "nodes": {
    "alacritty-mac": {
      "inputs": {
        "flake-utils": [
          "mac-overlay",
          "flake-utils"
        ],
        "nixpkgs": [
          "mac-overlay",
          "nixpkgs"
        ]
      },
      "locked": {
        "dir": "pkgs/alacritty-mac",
        "lastModified": 1646645002,
        "narHash": "sha256-FJkBZXhALQd2XJxG5ZtumagkBR/QqwTAACfOjZkN0eY=",
        "owner": "planetbeldar",
        "repo": "mac-overlay",
        "rev": "aad78c507415ace5f39775618895662659abc538",
        "type": "github"
      },
      "original": {
        "dir": "pkgs/alacritty-mac",
        "owner": "planetbeldar",
        "repo": "mac-overlay",
        "type": "github"
      }
    },
    "darwin": {
      "inputs": {
        "nixpkgs": [
          "nixpkgs"
        ]
      },
      "locked": {
        "lastModified": 1647173930,
        "narHash": "sha256-8oca3Pc68VrCp8HeOtHmzs5g0rdQnPO9beDEEZJ02W0=",
        "owner": "lnl7",
        "repo": "nix-darwin",
        "rev": "17fbc68a6110edbff67e55f7450230a697ecb17e",
        "type": "github"
      },
      "original": {
        "owner": "lnl7",
        "ref": "master",
        "repo": "nix-darwin",
        "type": "github"
      }
    },
    "discord-mac": {
      "inputs": {
        "flake-utils": [
          "mac-overlay",
          "flake-utils"
        ],
        "nixpkgs": [
          "mac-overlay",
          "nixpkgs"
        ]
      },
      "locked": {
        "dir": "pkgs/discord-mac",
        "lastModified": 1646645002,
        "narHash": "sha256-FJkBZXhALQd2XJxG5ZtumagkBR/QqwTAACfOjZkN0eY=",
        "owner": "planetbeldar",
        "repo": "mac-overlay",
        "rev": "aad78c507415ace5f39775618895662659abc538",
        "type": "github"
      },
      "original": {
        "dir": "pkgs/discord-mac",
        "owner": "planetbeldar",
        "repo": "mac-overlay",
        "type": "github"
      }
    },
    "emacs-mac": {
      "inputs": {
        "emacs-src": "emacs-src",
        "emacs-vterm-src": "emacs-vterm-src",
        "flake-utils": [
          "mac-overlay",
          "flake-utils"
        ],
        "nixpkgs": [
          "mac-overlay",
          "nixpkgs"
        ]
      },
      "locked": {
        "dir": "pkgs/emacs-mac",
        "lastModified": 1646645002,
        "narHash": "sha256-FJkBZXhALQd2XJxG5ZtumagkBR/QqwTAACfOjZkN0eY=",
        "owner": "planetbeldar",
        "repo": "mac-overlay",
        "rev": "aad78c507415ace5f39775618895662659abc538",
        "type": "github"
      },
      "original": {
        "dir": "pkgs/emacs-mac",
        "owner": "planetbeldar",
        "repo": "mac-overlay",
        "type": "github"
      }
    },
    "emacs-src": {
      "flake": false,
      "locked": {
        "lastModified": 1637872307,
        "narHash": "sha256-KHscj8TIUkicR3cYsXxQ5pgcdGkvXODirPfeHKEwuLs=",
        "owner": "emacs-mirror",
        "repo": "emacs",
        "rev": "cfaf681d3d292ceccc89c0eaaa47827665115dc6",
        "type": "github"
      },
      "original": {
        "owner": "emacs-mirror",
        "ref": "emacs-28",
        "repo": "emacs",
        "type": "github"
      }
    },
    "emacs-vterm-src": {
      "flake": false,
      "locked": {
        "lastModified": 1631083259,
        "narHash": "sha256-+fl1GUCpAZBOvgMd3akF9EMirp1/K+JyRq0TWKSDeJw=",
        "owner": "akermu",
        "repo": "emacs-libvterm",
        "rev": "2681120b770573044832ba8c22ccbac192e1a294",
        "type": "github"
      },
      "original": {
        "owner": "akermu",
        "repo": "emacs-libvterm",
        "type": "github"
      }
    },
    "flake-utils": {
      "locked": {
        "lastModified": 1644229661,
        "narHash": "sha256-1YdnJAsNy69bpcjuoKdOYQX0YxZBiCYZo4Twxerqv7k=",
        "owner": "numtide",
        "repo": "flake-utils",
        "rev": "3cecb5b042f7f209c56ffd8371b2711a290ec797",
        "type": "github"
      },
      "original": {
        "owner": "numtide",
        "repo": "flake-utils",
        "type": "github"
      }
    },
    "flake-utils_2": {
      "locked": {
        "lastModified": 1620759905,
        "narHash": "sha256-WiyWawrgmyN0EdmiHyG2V+fqReiVi8bM9cRdMaKQOFg=",
        "owner": "numtide",
        "repo": "flake-utils",
        "rev": "b543720b25df6ffdfcf9227afafc5b8c1fabfae8",
        "type": "github"
      },
      "original": {
        "owner": "numtide",
        "repo": "flake-utils",
        "type": "github"
      }
    },
    "home-manager": {
      "inputs": {
        "nixpkgs": [
          "nixpkgs"
        ]
      },
      "locked": {
        "lastModified": 1647821523,
        "narHash": "sha256-NAIY357pAOcxK6bAt83kKEJ2LxZhLCiPIlmQ2iTQbk4=",
        "owner": "nix-community",
        "repo": "home-manager",
        "rev": "835797f3a4a59459a316ae8d4ab91fa59faf61a4",
        "type": "github"
      },
      "original": {
        "owner": "nix-community",
        "ref": "master",
        "repo": "home-manager",
        "type": "github"
      }
    },
    "mac-overlay": {
      "inputs": {
        "alacritty-mac": "alacritty-mac",
        "discord-mac": "discord-mac",
        "emacs-mac": "emacs-mac",
        "flake-utils": "flake-utils",
        "nixpkgs": [
          "nixpkgs"
        ],
        "signal-mac": "signal-mac",
        "sonos-mac": "sonos-mac",
        "spotify-mac": "spotify-mac",
        "xkbswitch": "xkbswitch",
        "yabai": "yabai"
      },
      "locked": {
        "lastModified": 1647768981,
        "narHash": "sha256-jvLrjJ/nTPZxui3rvQSHXrF7RuIS2RIg5n9Vmdm9wGI=",
        "owner": "planetbeldar",
        "repo": "mac-overlay",
        "rev": "185d820262d7c844d62b83c6ee3c20b7160ed10a",
        "type": "github"
      },
      "original": {
        "owner": "planetbeldar",
        "repo": "mac-overlay",
        "type": "github"
      }
    },
    "nix-direnv": {
      "inputs": {
        "flake-utils": "flake-utils_2",
        "nixpkgs": [
          "nixpkgs"
        ]
      },
      "locked": {
        "lastModified": 1646649202,
        "narHash": "sha256-Y0lFDVcIO3fTS8vLxSwWTbJ5mk1jHKKC+eR4+Od3uKQ=",
        "owner": "nix-community",
        "repo": "nix-direnv",
        "rev": "b4cdd0c3beeaf999df42a3d42fe7396961c402b4",
        "type": "github"
      },
      "original": {
        "owner": "nix-community",
        "repo": "nix-direnv",
        "type": "github"
      }
    },
    "nixpkgs": {
      "locked": {
        "lastModified": 1644525281,
        "narHash": "sha256-D3VuWLdnLmAXIkooWAtbTGSQI9Fc1lkvAr94wTxhnTU=",
        "owner": "NixOS",
        "repo": "nixpkgs",
        "rev": "48d63e924a2666baf37f4f14a18f19347fbd54a2",
        "type": "github"
      },
      "original": {
        "id": "nixpkgs",
        "ref": "nixos-unstable",
        "type": "indirect"
      }
    },
    "nixpkgs-unstable": {
      "locked": {
        "lastModified": 1644486793,
        "narHash": "sha256-EeijR4guVHgVv+JpOX3cQO+1XdrkJfGmiJ9XVsVU530=",
        "owner": "NixOS",
        "repo": "nixpkgs",
        "rev": "1882c6b7368fd284ad01b0a5b5601ef136321292",
        "type": "github"
      },
      "original": {
        "id": "nixpkgs",
        "ref": "nixpkgs-unstable",
        "type": "indirect"
      }
    },
    "root": {
      "inputs": {
        "darwin": "darwin",
        "home-manager": "home-manager",
        "mac-overlay": "mac-overlay",
        "nix-direnv": "nix-direnv",
        "nixpkgs": "nixpkgs",
        "nixpkgs-unstable": "nixpkgs-unstable"
      }
    },
    "signal-mac": {
      "inputs": {
        "flake-utils": [
          "mac-overlay",
          "flake-utils"
        ],
        "nixpkgs": [
          "mac-overlay",
          "nixpkgs"
        ]
      },
      "locked": {
        "dir": "pkgs/signal-mac",
        "lastModified": 1646645002,
        "narHash": "sha256-FJkBZXhALQd2XJxG5ZtumagkBR/QqwTAACfOjZkN0eY=",
        "owner": "planetbeldar",
        "repo": "mac-overlay",
        "rev": "aad78c507415ace5f39775618895662659abc538",
        "type": "github"
      },
      "original": {
        "dir": "pkgs/signal-mac",
        "owner": "planetbeldar",
        "repo": "mac-overlay",
        "type": "github"
      }
    },
    "sonos-mac": {
      "inputs": {
        "flake-utils": [
          "mac-overlay",
          "flake-utils"
        ],
        "nixpkgs": [
          "mac-overlay",
          "nixpkgs"
        ]
      },
      "locked": {
        "dir": "pkgs/sonos-mac",
        "lastModified": 1646645002,
        "narHash": "sha256-FJkBZXhALQd2XJxG5ZtumagkBR/QqwTAACfOjZkN0eY=",
        "owner": "planetbeldar",
        "repo": "mac-overlay",
        "rev": "aad78c507415ace5f39775618895662659abc538",
        "type": "github"
      },
      "original": {
        "dir": "pkgs/sonos-mac",
        "owner": "planetbeldar",
        "repo": "mac-overlay",
        "type": "github"
      }
    },
    "spotify-mac": {
      "inputs": {
        "flake-utils": [
          "mac-overlay",
          "flake-utils"
        ],
        "nixpkgs": [
          "mac-overlay",
          "nixpkgs"
        ]
      },
      "locked": {
        "dir": "pkgs/spotify-mac",
        "lastModified": 1646645002,
        "narHash": "sha256-FJkBZXhALQd2XJxG5ZtumagkBR/QqwTAACfOjZkN0eY=",
        "owner": "planetbeldar",
        "repo": "mac-overlay",
        "rev": "aad78c507415ace5f39775618895662659abc538",
        "type": "github"
      },
      "original": {
        "dir": "pkgs/spotify-mac",
        "owner": "planetbeldar",
        "repo": "mac-overlay",
        "type": "github"
      }
    },
    "xkbswitch": {
      "inputs": {
        "flake-utils": [
          "mac-overlay",
          "flake-utils"
        ],
        "nixpkgs": [
          "mac-overlay",
          "nixpkgs"
        ]
      },
      "locked": {
        "dir": "pkgs/xkbswitch",
        "lastModified": 1646645002,
        "narHash": "sha256-FJkBZXhALQd2XJxG5ZtumagkBR/QqwTAACfOjZkN0eY=",
        "owner": "planetbeldar",
        "repo": "mac-overlay",
        "rev": "aad78c507415ace5f39775618895662659abc538",
        "type": "github"
      },
      "original": {
        "dir": "pkgs/xkbswitch",
        "owner": "planetbeldar",
        "repo": "mac-overlay",
        "type": "github"
      }
    },
    "yabai": {
      "inputs": {
        "flake-utils": [
          "mac-overlay",
          "flake-utils"
        ],
        "nixpkgs": [
          "mac-overlay",
          "nixpkgs"
        ]
      },
      "locked": {
        "dir": "pkgs/yabai",
        "lastModified": 1647768633,
        "narHash": "sha256-12IfkT9N/nqNsWaSm/EHJ4KZiDeMYPv0caKhiNFJp5c=",
        "owner": "planetbeldar",
        "repo": "mac-overlay",
        "rev": "ea1d3faa93ea9a0e3a1167a37e5644e8010727b6",
        "type": "github"
      },
      "original": {
        "dir": "pkgs/yabai",
        "owner": "planetbeldar",
        "repo": "mac-overlay",
        "type": "github"
      }
    }
  },
  "root": "root",
  "version": 7
}
